
Microsoft Visual Studio Solution File, Format Version 12.00
# Visual Studio Version 16
VisualStudioVersion = 16.0.31019.35
MinimumVisualStudioVersion = 10.0.40219.1
Project("{9A19103F-16F7-4668-BE54-9A1E7A4F7556}") = "GameBesta", "CreativeConsoleGame\GameBesta.csproj", "{36237F1F-AFC5-4ECA-A126-5DC03332EDA2}"
EndProject
Global
	GlobalSection(SolutionConfigurationPlatforms) = preSolution
		Debug|Any CPU = Debug|Any CPU
		Release|Any CPU = Release|Any CPU
	EndGlobalSection
	GlobalSection(ProjectConfigurationPlatforms) = postSolution
		{36237F1F-AFC5-4ECA-A126-5DC03332EDA2}.Debug|Any CPU.ActiveCfg = Debug|Any CPU
		{36237F1F-AFC5-4ECA-A126-5DC03332EDA2}.Debug|Any CPU.Build.0 = Debug|Any CPU
		{36237F1F-AFC5-4ECA-A126-5DC03332EDA2}.Release|Any CPU.ActiveCfg = Release|Any CPU
		{36237F1F-AFC5-4ECA-A126-5DC03332EDA2}.Release|Any CPU.Build.0 = Release|Any CPU
	EndGlobalSection
	GlobalSection(SolutionProperties) = preSolution
		HideSolutionNode = FALSE
	EndGlobalSection
	GlobalSection(ExtensibilityGlobals) = postSolution
		SolutionGuid = {7EA99817-A4A3-4EF4-A85B-1E7A39753A3C}
	EndGlobalSection
EndGlobal
